Microsoft Visual Studio Solution File, Format Version 12.00
# Visual Studio Version 17
VisualStudioVersion = 17.5.2.0
MinimumVisualStudioVersion = 10.0.40219.1
Project("{FAE04EC0-301F-11D3-BF4B-00C04F79EFBC}") = "EndpointManagerSystem", "EndpointManagerSystem\EndpointManagerSystem.csproj", "{70A2C2E5-24AE-1E2F-1E62-EE5E8D921672}"
EndProject
Global
	GlobalSection(SolutionConfigurationPlatforms) = preSolution
		Debug|Any CPU = Debug|Any CPU
		Release|Any CPU = Release|Any CPU
	EndGlobalSection
	GlobalSection(ProjectConfigurationPlatforms) = postSolution
		{70A2C2E5-24AE-1E2F-1E62-EE5E8D921672}.Debug|Any CPU.ActiveCfg = Debug|Any CPU
		{70A2C2E5-24AE-1E2F-1E62-EE5E8D921672}.Debug|Any CPU.Build.0 = Debug|Any CPU
		{70A2C2E5-24AE-1E2F-1E62-EE5E8D921672}.Release|Any CPU.ActiveCfg = Release|Any CPU
		{70A2C2E5-24AE-1E2F-1E62-EE5E8D921672}.Release|Any CPU.Build.0 = Release|Any CPU
	EndGlobalSection
	GlobalSection(SolutionProperties) = preSolution
		HideSolutionNode = FALSE
	EndGlobalSection
	GlobalSection(ExtensibilityGlobals) = postSolution
		SolutionGuid = {D7204B36-5A72-4952-BB54-EC6EC5262650}
	EndGlobalSection
EndGlobal
